# This file is autogenerated, do not edit; changes may be undone by the next 'dep ensure'.


[[projects]]
  name = "github.com/Sirupsen/logrus"
  packages = ["."]
  revision = "e3eccfaeb58b95c9ce22aea6867562f07a0d68c7"

[[projects]]
  branch = "master"
  name = "github.com/aws/aws-sdk-go"
  packages = [
    "aws",
    "aws/awserr",
    "aws/awsutil",
    "aws/client",
    "aws/client/metadata",
    "aws/corehandlers",
    "aws/credentials",
    "aws/credentials/ec2rolecreds",
    "aws/credentials/endpointcreds",
    "aws/credentials/stscreds",
    "aws/csm",
    "aws/defaults",
    "aws/ec2metadata",
    "aws/endpoints",
    "aws/request",
    "aws/session",
    "aws/signer/v4",
    "internal/sdkio",
    "internal/sdkrand",
    "internal/shareddefaults",
    "private/protocol",
    "private/protocol/query",
    "private/protocol/query/queryutil",
    "private/protocol/rest",
    "private/protocol/xml/xmlutil",
    "service/sns",
    "service/sts"
  ]
  revision = "2a14182c3ceee916649d54eb2c16ebe8e57ee326"

[[projects]]
  name = "github.com/cihub/seelog"
  packages = ["."]
  revision = "3549fbb0ea07f15a54dba3d16ccb22785a813d30"

[[projects]]
  name = "github.com/darkcrux/gopherduty"
  packages = ["."]
  revision = "4109bd05b098e838121a112b122f9a4102bcfc43"

[[projects]]
  name = "github.com/docopt/docopt-go"
  packages = ["."]
  revision = "c5dac536301992c0371c6115d998fb62944bfad3"

[[projects]]
  name = "github.com/franela/goreq"
  packages = ["."]
  revision = "41f8ae0dfac5ef5d94708e02dfc19fab3e66bbf4"

[[projects]]
  name = "github.com/go-ini/ini"
  packages = ["."]
  revision = "06f5f3d67269ccec1fe5fe4134ba6e982984f7f5"
  version = "v1.37.0"

[[projects]]
  name = "github.com/google/go-querystring"
  packages = ["query"]
  revision = "547ef5ac979778feb2f760cdb5f4eae1a2207b86"

[[projects]]
  name = "github.com/hashicorp/consul"
  packages = ["api"]
  revision = "5aa90455ce78d4d41578bafc86305e6e6b28d7d2"

[[projects]]
  name = "github.com/imdario/mergo"
  packages = ["."]
  revision = "50d4dbd4eb0e84778abe37cefef140271d96fade"

[[projects]]
  name = "github.com/influxdb/influxdb"
  packages = ["client"]
  revision = "9485e99796c53635fbf179b3e973c363937de00b"
  version = "v0.8.5"

[[projects]]
  name = "github.com/jmespath/go-jmespath"
  packages = ["."]
  revision = "0b12d6b5"

[[projects]]
  name = "github.com/mitchellh/hashstructure"
  packages = ["."]
  revision = "b098c52ef6beab8cd82bc4a32422cf54b890e8fa"

[[projects]]
  branch = "master"
  name = "github.com/opsgenie/opsgenie-go-sdk"
  packages = [
    "alerts",
    "alertsv2",
    "alertsv2/savedsearches",
    "client",
    "contact",
    "escalation",
    "heartbeat",
    "integration",
    "logging",
    "notificationv2",
    "policy",
    "schedule",
    "scheduleoverride",
    "schedulev2",
    "team",
    "user",
    "userv2"
  ]
  revision = "6d5c78d9f21e30c3150c12901331c11ffea23d62"

[[projects]]
  name = "github.com/tbruyelle/hipchat-go"
  packages = ["hipchat"]
  revision = "55738d370904e36b63c09c27a60ee92685d4e915"

[solve-meta]
  analyzer-name = "dep"
  analyzer-version = 1
  inputs-digest = "aa7c9f8ec979a7ab690edaaaabc01c94c176f51c59e124e436f3d6bd0dab23c0"
  solver-name = "gps-cdcl"
  solver-version = 1
