# This file is autogenerated, do not edit; changes may be undone by the next 'dep ensure'.


[[projects]]
  name = "github.com/Sirupsen/logrus"
  packages = ["."]
  revision = "e3eccfaeb58b95c9ce22aea6867562f07a0d68c7"

[[projects]]
  name = "github.com/aws/aws-sdk-go"
  packages = [
    "aws",
    "aws/awserr",
    "aws/awsutil",
    "aws/client",
    "aws/client/metadata",
    "aws/corehandlers",
    "aws/credentials",
    "aws/credentials/ec2rolecreds",
    "aws/credentials/endpointcreds",
    "aws/credentials/stscreds",
    "aws/csm",
    "aws/defaults",
    "aws/ec2metadata",
    "aws/endpoints",
    "aws/request",
    "aws/session",
    "aws/signer/v4",
    "internal/sdkio",
    "internal/sdkrand",
    "internal/sdkuri",
    "internal/shareddefaults",
    "private/protocol",
    "private/protocol/query",
    "private/protocol/query/queryutil",
    "private/protocol/rest",
    "private/protocol/xml/xmlutil",
    "service/sns",
    "service/sts"
  ]
  revision = "94b80148ea4b1b136682116294b151766a3b85c2"
  version = "v1.14.27"

[[projects]]
  name = "github.com/cihub/seelog"
  packages = ["."]
  revision = "d2c6e5aa9fbfdd1c624e140287063c7730654115"
  version = "v2.6"

[[projects]]
  branch = "master"
  name = "github.com/darkcrux/gopherduty"
  packages = ["."]
  revision = "f4906ce7e59b33a50bfbcba93e2cf58778c11fb9"

[[projects]]
  name = "github.com/docopt/docopt-go"
  packages = ["."]
  revision = "c5dac536301992c0371c6115d998fb62944bfad3"

[[projects]]
  branch = "master"
  name = "github.com/franela/goreq"
  packages = ["."]
  revision = "bcd34c9993f899273c74baaa95e15386cd97b6e7"

[[projects]]
  name = "github.com/go-ini/ini"
  packages = ["."]
  revision = "358ee7663966325963d4e8b2e1fbd570c5195153"
  version = "v1.38.1"

[[projects]]
  branch = "master"
  name = "github.com/google/go-querystring"
  packages = ["query"]
  revision = "53e6ce116135b80d037921a7fdd5138cf32d7a8a"

[[projects]]
  name = "github.com/hashicorp/consul"
  packages = ["api"]
  revision = "5aa90455ce78d4d41578bafc86305e6e6b28d7d2"

[[projects]]
  name = "github.com/imdario/mergo"
  packages = ["."]
  revision = "50d4dbd4eb0e84778abe37cefef140271d96fade"

[[projects]]
  name = "github.com/influxdb/influxdb"
  packages = [
    "client",
    "models",
    "pkg/escape"
  ]
  revision = "9485e99796c53635fbf179b3e973c363937de00b"
  version = "v0.8.5"

[[projects]]
  name = "github.com/jmespath/go-jmespath"
  packages = ["."]
  revision = "0b12d6b5"

[[projects]]
  name = "github.com/mitchellh/hashstructure"
  packages = ["."]
  revision = "b098c52ef6beab8cd82bc4a32422cf54b890e8fa"

[[projects]]
  branch = "master"
  name = "github.com/opsgenie/opsgenie-go-sdk"
  packages = [
    "alerts",
    "alertsv2",
    "alertsv2/savedsearches",
    "client",
    "contact",
    "escalation",
    "heartbeat",
    "integration",
    "logging",
    "notificationv2",
    "policy",
    "schedule",
    "scheduleoverride",
    "schedulev2",
    "team",
    "user",
    "userv2"
  ]
  revision = "6d5c78d9f21e30c3150c12901331c11ffea23d62"

[[projects]]
  name = "github.com/tbruyelle/hipchat-go"
  packages = ["hipchat"]
  revision = "55738d370904e36b63c09c27a60ee92685d4e915"
  version = "v1.1-22-g55738d3"

[solve-meta]
  analyzer-name = "dep"
  analyzer-version = 1
  inputs-digest = "62536a12b35476f51c33625e2bec593cacca763c9e9d9cc03f114e987a026c5c"
  solver-name = "gps-cdcl"
  solver-version = 1
